// !$*UTF8*$!
{
	archiveVersion = 1;
	classes = {
	};
	objectVersion = 46;
	objects = {

/* Begin PBXBuildFile section */
		A6A793AE1EA7276900DE5EF7 /* main.cpp in Sources */ = {isa = PBXBuildFile; fileRef = A6A793AD1EA7276900DE5EF7 /* main.cpp */; };
		A6A793B91EA75FA400DE5EF7 /* Node.cpp in Sources */ = {isa = PBXBuildFile; fileRef = A6A793B71EA75FA400DE5EF7 /* Node.cpp */; };
		A6A793BC1EA76BBD00DE5EF7 /* Maze.cpp in Sources */ = {isa = PBXBuildFile; fileRef = A6A793BA1EA76BBD00DE5EF7 /* Maze.cpp */; };
/* End PBXBuildFile section */

/* Begin PBXCopyFilesBuildPhase section */
		A6A793A81EA7276900DE5EF7 /* CopyFiles */ = {
			isa = PBXCopyFilesBuildPhase;
			buildActionMask = 2147483647;
			dstPath = /usr/share/man/man1/;
			dstSubfolderSpec = 0;
			files = (
			);
			runOnlyForDeploymentPostprocessing = 1;
		};
/* End PBXCopyFilesBuildPhase section */

/* Begin PBXFileReference section */
		A6A793AA1EA7276900DE5EF7 /* lkn */ = {isa = PBXFileReference; explicitFileType = "compiled.mach-o.executable"; includeInIndex = 0; path = lkn; sourceTree = BUILT_PRODUCTS_DIR; };
		A6A793AD1EA7276900DE5EF7 /* main.cpp */ = {isa = PBXFileReference; lastKnownFileType = sourcecode.cpp.cpp; path = main.cpp; sourceTree = "<group>"; };
		A6A793B51EA7416700DE5EF7 /* Vector.h */ = {isa = PBXFileReference; fileEncoding = 4; lastKnownFileType = sourcecode.c.h; path = Vector.h; sourceTree = "<group>"; };
		A6A793B71EA75FA400DE5EF7 /* Node.cpp */ = {isa = PBXFileReference; fileEncoding = 4; lastKnownFileType = sourcecode.cpp.cpp; path = Node.cpp; sourceTree = "<group>"; };
		A6A793B81EA75FA400DE5EF7 /* Node.h */ = {isa = PBXFileReference; fileEncoding = 4; lastKnownFileType = sourcecode.c.h; path = Node.h; sourceTree = "<group>"; };
		A6A793BA1EA76BBD00DE5EF7 /* Maze.cpp */ = {isa = PBXFileReference; fileEncoding = 4; lastKnownFileType = sourcecode.cpp.cpp; path = Maze.cpp; sourceTree = "<group>"; };
		A6A793BB1EA76BBD00DE5EF7 /* Maze.h */ = {isa = PBXFileReference; fileEncoding = 4; lastKnownFileType = sourcecode.c.h; path = Maze.h; sourceTree = "<group>"; };
/* End PBXFileReference section */

/* Begin PBXFrameworksBuildPhase section */
		A6A793A71EA7276900DE5EF7 /* Frameworks */ = {
			isa = PBXFrameworksBuildPhase;
			buildActionMask = 2147483647;
			files = (
			);
			runOnlyForDeploymentPostprocessing = 0;
		};
/* End PBXFrameworksBuildPhase section */

/* Begin PBXGroup section */
		A6A793A11EA7276900DE5EF7 = {
			isa = PBXGroup;
			children = (
				A6A793AC1EA7276900DE5EF7 /* lkn */,
				A6A793AB1EA7276900DE5EF7 /* Products */,
			);
			sourceTree = "<group>";
		};
		A6A793AB1EA7276900DE5EF7 /* Products */ = {
			isa = PBXGroup;
			children = (
				A6A793AA1EA7276900DE5EF7 /* lkn */,
			);
			name = Products;
			sourceTree = "<group>";
		};
		A6A793AC1EA7276900DE5EF7 /* lkn */ = {
			isa = PBXGroup;
			children = (
				A6A793AD1EA7276900DE5EF7 /* main.cpp */,
				A6A793B71EA75FA400DE5EF7 /* Node.cpp */,
				A6A793B81EA75FA400DE5EF7 /* Node.h */,
				A6A793BA1EA76BBD00DE5EF7 /* Maze.cpp */,
				A6A793BB1EA76BBD00DE5EF7 /* Maze.h */,
				A6A793B51EA7416700DE5EF7 /* Vector.h */,
			);
			path = lkn;
			sourceTree = "<group>";
		};
/* End PBXGroup section */

/* Begin PBXNativeTarget section */
		A6A793A91EA7276900DE5EF7 /* lkn */ = {
			isa = PBXNativeTarget;
			buildConfigurationList = A6A793B11EA7276900DE5EF7 /* Build configuration list for PBXNativeTarget "lkn" */;
			buildPhases = (
				A6A793A61EA7276900DE5EF7 /* Sources */,
				A6A793A71EA7276900DE5EF7 /* Frameworks */,
				A6A793A81EA7276900DE5EF7 /* CopyFiles */,
			);
			buildRules = (
			);
			dependencies = (
			);
			name = lkn;
			productName = lkn;
			productReference = A6A793AA1EA7276900DE5EF7 /* lkn */;
			productType = "com.apple.product-type.tool";
		};
/* End PBXNativeTarget section */

/* Begin PBXProject section */
		A6A793A21EA7276900DE5EF7 /* Project object */ = {
			isa = PBXProject;
			attributes = {
				LastUpgradeCheck = 0820;
				ORGANIZATIONNAME = "Yikealo Abraha ";
				TargetAttributes = {
					A6A793A91EA7276900DE5EF7 = {
						CreatedOnToolsVersion = 8.2.1;
						ProvisioningStyle = Automatic;
					};
				};
			};
			buildConfigurationList = A6A793A51EA7276900DE5EF7 /* Build configuration list for PBXProject "lkn" */;
			compatibilityVersion = "Xcode 3.2";
			developmentRegion = English;
			hasScannedForEncodings = 0;
			knownRegions = (
				en,
			);
			mainGroup = A6A793A11EA7276900DE5EF7;
			productRefGroup = A6A793AB1EA7276900DE5EF7 /* Products */;
			projectDirPath = "";
			projectRoot = "";
			targets = (
				A6A793A91EA7276900DE5EF7 /* lkn */,
			);
		};
/* End PBXProject section */

/* Begin PBXSourcesBuildPhase section */
		A6A793A61EA7276900DE5EF7 /* Sources */ = {
			isa = PBXSourcesBuildPhase;
			buildActionMask = 2147483647;
			files = (
				A6A793BC1EA76BBD00DE5EF7 /* Maze.cpp in Sources */,
				A6A793AE1EA7276900DE5EF7 /* main.cpp in Sources */,
				A6A793B91EA75FA400DE5EF7 /* Node.cpp in Sources */,
			);
			runOnlyForDeploymentPostprocessing = 0;
		};
/* End PBXSourcesBuildPhase section */

/* Begin XCBuildConfiguration section */
		A6A793AF1EA7276900DE5EF7 /* Debug */ = {
			isa = XCBuildConfiguration;
			buildSettings = {
				ALWAYS_SEARCH_USER_PATHS = NO;
				CLANG_ANALYZER_NONNULL = YES;
				CLANG_CXX_LANGUAGE_STANDARD = "gnu++0x";
				CLANG_CXX_LIBRARY = "libc++";
				CLANG_ENABLE_MODULES = YES;
				CLANG_ENABLE_OBJC_ARC = YES;
				CLANG_WARN_BOOL_CONVERSION = YES;
				CLANG_WARN_CONSTANT_CONVERSION = YES;
				CLANG_WARN_DIRECT_OBJC_ISA_USAGE = YES_ERROR;
				CLANG_WARN_DOCUMENTATION_COMMENTS = YES;
				CLANG_WARN_EMPTY_BODY = YES;
				CLANG_WARN_ENUM_CONVERSION = YES;
				CLANG_WARN_INFINITE_RECURSION = YES;
				CLANG_WARN_INT_CONVERSION = YES;
				CLANG_WARN_OBJC_ROOT_CLASS = YES_ERROR;
				CLANG_WARN_SUSPICIOUS_MOVE = YES;
				CLANG_WARN_UNREACHABLE_CODE = YES;
				CLANG_WARN__DUPLICATE_METHOD_MATCH = YES;
				CODE_SIGN_IDENTITY = "-";
				COPY_PHASE_STRIP = NO;
				DEBUG_INFORMATION_FORMAT = dwarf;
				ENABLE_STRICT_OBJC_MSGSEND = YES;
				ENABLE_TESTABILITY = YES;
				GCC_C_LANGUAGE_STANDARD = gnu99;
				GCC_DYNAMIC_NO_PIC = NO;
				GCC_NO_COMMON_BLOCKS = YES;
				GCC_OPTIMIZATION_LEVEL = 0;
				GCC_PREPROCESSOR_DEFINITIONS = (
					"DEBUG=1",
					"$(inherited)",
				);
				GCC_WARN_64_TO_32_BIT_CONVERSION = YES;
				GCC_WARN_ABOUT_RETURN_TYPE = YES_ERROR;
				GCC_WARN_UNDECLARED_SELECTOR = YES;
				GCC_WARN_UNINITIALIZED_AUTOS = YES_AGGRESSIVE;
				GCC_WARN_UNUSED_FUNCTION = YES;
				GCC_WARN_UNUSED_VARIABLE = YES;
				MACOSX_DEPLOYMENT_TARGET = 10.12;
				MTL_ENABLE_DEBUG_INFO = YES;
				ONLY_ACTIVE_ARCH = YES;
				SDKROOT = macosx;
			};
			name = Debug;
		};
		A6A793B01EA7276900DE5EF7 /* Release */ = {
			isa = XCBuildConfiguration;
			buildSettings = {
				ALWAYS_SEARCH_USER_PATHS = NO;
				CLANG_ANALYZER_NONNULL = YES;
				CLANG_CXX_LANGUAGE_STANDARD = "gnu++0x";
				CLANG_CXX_LIBRARY = "libc++";
				CLANG_ENABLE_MODULES = YES;
				CLANG_ENABLE_OBJC_ARC = YES;
				CLANG_WARN_BOOL_CONVERSION = YES;
				CLANG_WARN_CONSTANT_CONVERSION = YES;
				CLANG_WARN_DIRECT_OBJC_ISA_USAGE = YES_ERROR;
				CLANG_WARN_DOCUMENTATION_COMMENTS = YES;
				CLANG_WARN_EMPTY_BODY = YES;
				CLANG_WARN_ENUM_CONVERSION = YES;
				CLANG_WARN_INFINITE_RECURSION = YES;
				CLANG_WARN_INT_CONVERSION = YES;
				CLANG_WARN_OBJC_ROOT_CLASS = YES_ERROR;
				CLANG_WARN_SUSPICIOUS_MOVE = YES;
				CLANG_WARN_UNREACHABLE_CODE = YES;
				CLANG_WARN__DUPLICATE_METHOD_MATCH = YES;
				CODE_SIGN_IDENTITY = "-";
				COPY_PHASE_STRIP = NO;
				DEBUG_INFORMATION_FORMAT = "dwarf-with-dsym";
				ENABLE_NS_ASSERTIONS = NO;
				ENABLE_STRICT_OBJC_MSGSEND = YES;
				GCC_C_LANGUAGE_STANDARD = gnu99;
				GCC_NO_COMMON_BLOCKS = YES;
				GCC_WARN_64_TO_32_BIT_CONVERSION = YES;
				GCC_WARN_ABOUT_RETURN_TYPE = YES_ERROR;
				GCC_WARN_UNDECLARED_SELECTOR = YES;
				GCC_WARN_UNINITIALIZED_AUTOS = YES_AGGRESSIVE;
				GCC_WARN_UNUSED_FUNCTION = YES;
				GCC_WARN_UNUSED_VARIABLE = YES;
				MACOSX_DEPLOYMENT_TARGET = 10.12;
				MTL_ENABLE_DEBUG_INFO = NO;
				SDKROOT = macosx;
			};
			name = Release;
		};
		A6A793B21EA7276900DE5EF7 /* Debug */ = {
			isa = XCBuildConfiguration;
			buildSettings = {
				PRODUCT_NAME = "$(TARGET_NAME)";
			};
			name = Debug;
		};
		A6A793B31EA7276900DE5EF7 /* Release */ = {
			isa = XCBuildConfiguration;
			buildSettings = {
				PRODUCT_NAME = "$(TARGET_NAME)";
			};
			name = Release;
		};
/* End XCBuildConfiguration section */

/* Begin XCConfigurationList section */
		A6A793A51EA7276900DE5EF7 /* Build configuration list for PBXProject "lkn" */ = {
			isa = XCConfigurationList;
			buildConfigurations = (
				A6A793AF1EA7276900DE5EF7 /* Debug */,
				A6A793B01EA7276900DE5EF7 /* Release */,
			);
			defaultConfigurationIsVisible = 0;
			defaultConfigurationName = Release;
		};
		A6A793B11EA7276900DE5EF7 /* Build configuration list for PBXNativeTarget "lkn" */ = {
			isa = XCConfigurationList;
			buildConfigurations = (
				A6A793B21EA7276900DE5EF7 /* Debug */,
				A6A793B31EA7276900DE5EF7 /* Release */,
			);
			defaultConfigurationIsVisible = 0;
		};
/* End XCConfigurationList section */
	};
	rootObject = A6A793A21EA7276900DE5EF7 /* Project object */;
}
