// !$*UTF8*$!
{
	archiveVersion = 1;
	classes = {
	};
	objectVersion = 46;
	objects = {

/* Begin PBXBuildFile section */
		A60114011EAD73A300DB80EF /* Maze.cpp in Sources */ = {isa = PBXBuildFile; fileRef = A60113FF1EAD73A300DB80EF /* Maze.cpp */; };
		A6E2270E1EAC1A4E00BA3F40 /* main.cpp in Sources */ = {isa = PBXBuildFile; fileRef = A6E2270D1EAC1A4E00BA3F40 /* main.cpp */; };
		A6E227151EAC788200BA3F40 /* libsfml-audio.2.4.2.dylib in Frameworks */ = {isa = PBXBuildFile; fileRef = A6E227101EAC788200BA3F40 /* libsfml-audio.2.4.2.dylib */; };
		A6E227161EAC788200BA3F40 /* libsfml-graphics.2.4.2.dylib in Frameworks */ = {isa = PBXBuildFile; fileRef = A6E227111EAC788200BA3F40 /* libsfml-graphics.2.4.2.dylib */; };
		A6E227171EAC788200BA3F40 /* libsfml-network.2.4.2.dylib in Frameworks */ = {isa = PBXBuildFile; fileRef = A6E227121EAC788200BA3F40 /* libsfml-network.2.4.2.dylib */; };
		A6E227181EAC788200BA3F40 /* libsfml-system.2.4.2.dylib in Frameworks */ = {isa = PBXBuildFile; fileRef = A6E227131EAC788200BA3F40 /* libsfml-system.2.4.2.dylib */; };
		A6E227191EAC788200BA3F40 /* libsfml-window.2.4.2.dylib in Frameworks */ = {isa = PBXBuildFile; fileRef = A6E227141EAC788200BA3F40 /* libsfml-window.2.4.2.dylib */; };
/* End PBXBuildFile section */

/* Begin PBXCopyFilesBuildPhase section */
		A6A793931EA0412F00DE5EF7 /* CopyFiles */ = {
			isa = PBXCopyFilesBuildPhase;
			buildActionMask = 2147483647;
			dstPath = /usr/share/man/man1/;
			dstSubfolderSpec = 0;
			files = (
			);
			runOnlyForDeploymentPostprocessing = 1;
		};
/* End PBXCopyFilesBuildPhase section */

/* Begin PBXFileReference section */
		A60113FF1EAD73A300DB80EF /* Maze.cpp */ = {isa = PBXFileReference; fileEncoding = 4; lastKnownFileType = sourcecode.cpp.cpp; path = Maze.cpp; sourceTree = "<group>"; };
		A60114001EAD73A300DB80EF /* Maze.h */ = {isa = PBXFileReference; fileEncoding = 4; lastKnownFileType = sourcecode.c.h; path = Maze.h; sourceTree = "<group>"; };
		A6A793951EA0412F00DE5EF7 /* teensyMicromouse */ = {isa = PBXFileReference; explicitFileType = "compiled.mach-o.executable"; includeInIndex = 0; path = teensyMicromouse; sourceTree = BUILT_PRODUCTS_DIR; };
		A6E227091EAC18CB00BA3F40 /* Vector.h */ = {isa = PBXFileReference; fileEncoding = 4; lastKnownFileType = sourcecode.c.h; name = Vector.h; path = Src/Vector.h; sourceTree = "<group>"; };
		A6E2270D1EAC1A4E00BA3F40 /* main.cpp */ = {isa = PBXFileReference; fileEncoding = 4; lastKnownFileType = sourcecode.cpp.cpp; name = main.cpp; path = Src/main.cpp; sourceTree = "<group>"; };
		A6E227101EAC788200BA3F40 /* libsfml-audio.2.4.2.dylib */ = {isa = PBXFileReference; lastKnownFileType = "compiled.mach-o.dylib"; name = "libsfml-audio.2.4.2.dylib"; path = "SFML/lib/libsfml-audio.2.4.2.dylib"; sourceTree = "<group>"; };
		A6E227111EAC788200BA3F40 /* libsfml-graphics.2.4.2.dylib */ = {isa = PBXFileReference; lastKnownFileType = "compiled.mach-o.dylib"; name = "libsfml-graphics.2.4.2.dylib"; path = "SFML/lib/libsfml-graphics.2.4.2.dylib"; sourceTree = "<group>"; };
		A6E227121EAC788200BA3F40 /* libsfml-network.2.4.2.dylib */ = {isa = PBXFileReference; lastKnownFileType = "compiled.mach-o.dylib"; name = "libsfml-network.2.4.2.dylib"; path = "SFML/lib/libsfml-network.2.4.2.dylib"; sourceTree = "<group>"; };
		A6E227131EAC788200BA3F40 /* libsfml-system.2.4.2.dylib */ = {isa = PBXFileReference; lastKnownFileType = "compiled.mach-o.dylib"; name = "libsfml-system.2.4.2.dylib"; path = "SFML/lib/libsfml-system.2.4.2.dylib"; sourceTree = "<group>"; };
		A6E227141EAC788200BA3F40 /* libsfml-window.2.4.2.dylib */ = {isa = PBXFileReference; lastKnownFileType = "compiled.mach-o.dylib"; name = "libsfml-window.2.4.2.dylib"; path = "SFML/lib/libsfml-window.2.4.2.dylib"; sourceTree = "<group>"; };
/* End PBXFileReference section */

/* Begin PBXFrameworksBuildPhase section */
		A6A793921EA0412F00DE5EF7 /* Frameworks */ = {
			isa = PBXFrameworksBuildPhase;
			buildActionMask = 2147483647;
			files = (
				A6E227151EAC788200BA3F40 /* libsfml-audio.2.4.2.dylib in Frameworks */,
				A6E227161EAC788200BA3F40 /* libsfml-graphics.2.4.2.dylib in Frameworks */,
				A6E227171EAC788200BA3F40 /* libsfml-network.2.4.2.dylib in Frameworks */,
				A6E227181EAC788200BA3F40 /* libsfml-system.2.4.2.dylib in Frameworks */,
				A6E227191EAC788200BA3F40 /* libsfml-window.2.4.2.dylib in Frameworks */,
			);
			runOnlyForDeploymentPostprocessing = 0;
		};
/* End PBXFrameworksBuildPhase section */

/* Begin PBXGroup section */
		A6A7938C1EA0412F00DE5EF7 = {
			isa = PBXGroup;
			children = (
				A6E2270D1EAC1A4E00BA3F40 /* main.cpp */,
				A60113FF1EAD73A300DB80EF /* Maze.cpp */,
				A60114001EAD73A300DB80EF /* Maze.h */,
				A6E227091EAC18CB00BA3F40 /* Vector.h */,
				A6A793971EA0412F00DE5EF7 /* teensyMicromouse */,
				A6A793961EA0412F00DE5EF7 /* Products */,
				A6E2270F1EAC788100BA3F40 /* Frameworks */,
			);
			sourceTree = "<group>";
		};
		A6A793961EA0412F00DE5EF7 /* Products */ = {
			isa = PBXGroup;
			children = (
				A6A793951EA0412F00DE5EF7 /* teensyMicromouse */,
			);
			name = Products;
			sourceTree = "<group>";
		};
		A6A793971EA0412F00DE5EF7 /* teensyMicromouse */ = {
			isa = PBXGroup;
			children = (
			);
			path = teensyMicromouse;
			sourceTree = "<group>";
		};
		A6E2270F1EAC788100BA3F40 /* Frameworks */ = {
			isa = PBXGroup;
			children = (
				A6E227101EAC788200BA3F40 /* libsfml-audio.2.4.2.dylib */,
				A6E227111EAC788200BA3F40 /* libsfml-graphics.2.4.2.dylib */,
				A6E227121EAC788200BA3F40 /* libsfml-network.2.4.2.dylib */,
				A6E227131EAC788200BA3F40 /* libsfml-system.2.4.2.dylib */,
				A6E227141EAC788200BA3F40 /* libsfml-window.2.4.2.dylib */,
			);
			name = Frameworks;
			sourceTree = "<group>";
		};
/* End PBXGroup section */

/* Begin PBXNativeTarget section */
		A6A793941EA0412F00DE5EF7 /* teensyMicromouse */ = {
			isa = PBXNativeTarget;
			buildConfigurationList = A6A7939C1EA0412F00DE5EF7 /* Build configuration list for PBXNativeTarget "teensyMicromouse" */;
			buildPhases = (
				A6A793911EA0412F00DE5EF7 /* Sources */,
				A6A793921EA0412F00DE5EF7 /* Frameworks */,
				A6A793931EA0412F00DE5EF7 /* CopyFiles */,
			);
			buildRules = (
			);
			dependencies = (
			);
			name = teensyMicromouse;
			productName = teensyMicromouse;
			productReference = A6A793951EA0412F00DE5EF7 /* teensyMicromouse */;
			productType = "com.apple.product-type.tool";
		};
/* End PBXNativeTarget section */

/* Begin PBXProject section */
		A6A7938D1EA0412F00DE5EF7 /* Project object */ = {
			isa = PBXProject;
			attributes = {
				LastUpgradeCheck = 0820;
				ORGANIZATIONNAME = "Yikealo Abraha ";
				TargetAttributes = {
					A6A793941EA0412F00DE5EF7 = {
						CreatedOnToolsVersion = 8.2.1;
						ProvisioningStyle = Automatic;
					};
				};
			};
			buildConfigurationList = A6A793901EA0412F00DE5EF7 /* Build configuration list for PBXProject "teensyMicromouse" */;
			compatibilityVersion = "Xcode 3.2";
			developmentRegion = English;
			hasScannedForEncodings = 0;
			knownRegions = (
				en,
			);
			mainGroup = A6A7938C1EA0412F00DE5EF7;
			productRefGroup = A6A793961EA0412F00DE5EF7 /* Products */;
			projectDirPath = "";
			projectRoot = "";
			targets = (
				A6A793941EA0412F00DE5EF7 /* teensyMicromouse */,
			);
		};
/* End PBXProject section */

/* Begin PBXSourcesBuildPhase section */
		A6A793911EA0412F00DE5EF7 /* Sources */ = {
			isa = PBXSourcesBuildPhase;
			buildActionMask = 2147483647;
			files = (
				A60114011EAD73A300DB80EF /* Maze.cpp in Sources */,
				A6E2270E1EAC1A4E00BA3F40 /* main.cpp in Sources */,
			);
			runOnlyForDeploymentPostprocessing = 0;
		};
/* End PBXSourcesBuildPhase section */

/* Begin XCBuildConfiguration section */
		A6A7939A1EA0412F00DE5EF7 /* Debug */ = {
			isa = XCBuildConfiguration;
			buildSettings = {
				ALWAYS_SEARCH_USER_PATHS = NO;
				CLANG_ANALYZER_NONNULL = YES;
				CLANG_CXX_LANGUAGE_STANDARD = "gnu++0x";
				CLANG_CXX_LIBRARY = "libc++";
				CLANG_ENABLE_MODULES = YES;
				CLANG_ENABLE_OBJC_ARC = YES;
				CLANG_WARN_BOOL_CONVERSION = YES;
				CLANG_WARN_CONSTANT_CONVERSION = YES;
				CLANG_WARN_DIRECT_OBJC_ISA_USAGE = YES_ERROR;
				CLANG_WARN_DOCUMENTATION_COMMENTS = YES;
				CLANG_WARN_EMPTY_BODY = YES;
				CLANG_WARN_ENUM_CONVERSION = YES;
				CLANG_WARN_INFINITE_RECURSION = YES;
				CLANG_WARN_INT_CONVERSION = YES;
				CLANG_WARN_OBJC_ROOT_CLASS = YES_ERROR;
				CLANG_WARN_SUSPICIOUS_MOVE = YES;
				CLANG_WARN_UNREACHABLE_CODE = YES;
				CLANG_WARN__DUPLICATE_METHOD_MATCH = YES;
				CODE_SIGN_IDENTITY = "-";
				COPY_PHASE_STRIP = NO;
				DEBUG_INFORMATION_FORMAT = dwarf;
				ENABLE_STRICT_OBJC_MSGSEND = YES;
				ENABLE_TESTABILITY = YES;
				GCC_C_LANGUAGE_STANDARD = gnu99;
				GCC_DYNAMIC_NO_PIC = NO;
				GCC_NO_COMMON_BLOCKS = YES;
				GCC_OPTIMIZATION_LEVEL = 0;
				GCC_PREPROCESSOR_DEFINITIONS = (
					"DEBUG=1",
					"$(inherited)",
				);
				GCC_WARN_64_TO_32_BIT_CONVERSION = YES;
				GCC_WARN_ABOUT_RETURN_TYPE = YES_ERROR;
				GCC_WARN_UNDECLARED_SELECTOR = YES;
				GCC_WARN_UNINITIALIZED_AUTOS = YES_AGGRESSIVE;
				GCC_WARN_UNUSED_FUNCTION = YES;
				GCC_WARN_UNUSED_VARIABLE = YES;
				HEADER_SEARCH_PATHS = /usr/local/include;
				MACOSX_DEPLOYMENT_TARGET = 10.12;
				MTL_ENABLE_DEBUG_INFO = YES;
				ONLY_ACTIVE_ARCH = YES;
				SDKROOT = macosx;
			};
			name = Debug;
		};
		A6A7939B1EA0412F00DE5EF7 /* Release */ = {
			isa = XCBuildConfiguration;
			buildSettings = {
				ALWAYS_SEARCH_USER_PATHS = NO;
				CLANG_ANALYZER_NONNULL = YES;
				CLANG_CXX_LANGUAGE_STANDARD = "gnu++0x";
				CLANG_CXX_LIBRARY = "libc++";
				CLANG_ENABLE_MODULES = YES;
				CLANG_ENABLE_OBJC_ARC = YES;
				CLANG_WARN_BOOL_CONVERSION = YES;
				CLANG_WARN_CONSTANT_CONVERSION = YES;
				CLANG_WARN_DIRECT_OBJC_ISA_USAGE = YES_ERROR;
				CLANG_WARN_DOCUMENTATION_COMMENTS = YES;
				CLANG_WARN_EMPTY_BODY = YES;
				CLANG_WARN_ENUM_CONVERSION = YES;
				CLANG_WARN_INFINITE_RECURSION = YES;
				CLANG_WARN_INT_CONVERSION = YES;
				CLANG_WARN_OBJC_ROOT_CLASS = YES_ERROR;
				CLANG_WARN_SUSPICIOUS_MOVE = YES;
				CLANG_WARN_UNREACHABLE_CODE = YES;
				CLANG_WARN__DUPLICATE_METHOD_MATCH = YES;
				CODE_SIGN_IDENTITY = "-";
				COPY_PHASE_STRIP = NO;
				DEBUG_INFORMATION_FORMAT = "dwarf-with-dsym";
				ENABLE_NS_ASSERTIONS = NO;
				ENABLE_STRICT_OBJC_MSGSEND = YES;
				GCC_C_LANGUAGE_STANDARD = gnu99;
				GCC_NO_COMMON_BLOCKS = YES;
				GCC_WARN_64_TO_32_BIT_CONVERSION = YES;
				GCC_WARN_ABOUT_RETURN_TYPE = YES_ERROR;
				GCC_WARN_UNDECLARED_SELECTOR = YES;
				GCC_WARN_UNINITIALIZED_AUTOS = YES_AGGRESSIVE;
				GCC_WARN_UNUSED_FUNCTION = YES;
				GCC_WARN_UNUSED_VARIABLE = YES;
				HEADER_SEARCH_PATHS = /usr/local/include;
				MACOSX_DEPLOYMENT_TARGET = 10.12;
				MTL_ENABLE_DEBUG_INFO = NO;
				SDKROOT = macosx;
			};
			name = Release;
		};
		A6A7939D1EA0412F00DE5EF7 /* Debug */ = {
			isa = XCBuildConfiguration;
			buildSettings = {
				LIBRARY_SEARCH_PATHS = (
					"$(inherited)",
					"$(PROJECT_DIR)/SFML/lib",
				);
				PRODUCT_NAME = "$(TARGET_NAME)";
			};
			name = Debug;
		};
		A6A7939E1EA0412F00DE5EF7 /* Release */ = {
			isa = XCBuildConfiguration;
			buildSettings = {
				LIBRARY_SEARCH_PATHS = (
					"$(inherited)",
					"$(PROJECT_DIR)/SFML/lib",
				);
				PRODUCT_NAME = "$(TARGET_NAME)";
			};
			name = Release;
		};
/* End XCBuildConfiguration section */

/* Begin XCConfigurationList section */
		A6A793901EA0412F00DE5EF7 /* Build configuration list for PBXProject "teensyMicromouse" */ = {
			isa = XCConfigurationList;
			buildConfigurations = (
				A6A7939A1EA0412F00DE5EF7 /* Debug */,
				A6A7939B1EA0412F00DE5EF7 /* Release */,
			);
			defaultConfigurationIsVisible = 0;
			defaultConfigurationName = Release;
		};
		A6A7939C1EA0412F00DE5EF7 /* Build configuration list for PBXNativeTarget "teensyMicromouse" */ = {
			isa = XCConfigurationList;
			buildConfigurations = (
				A6A7939D1EA0412F00DE5EF7 /* Debug */,
				A6A7939E1EA0412F00DE5EF7 /* Release */,
			);
			defaultConfigurationIsVisible = 0;
			defaultConfigurationName = Release;
		};
/* End XCConfigurationList section */
	};
	rootObject = A6A7938D1EA0412F00DE5EF7 /* Project object */;
}
